<?xml version="1.0" encoding="utf-8"?>
<Project ToolsVersion="4.0" xmlns="http://schemas.microsoft.com/developer/msbuild/2003">
  <ItemGroup>
    <Filter Include="Api">
      <UniqueIdentifier>{6dbed603-e47f-4c13-b399-f7202d6e7a73}</UniqueIdentifier>
    </Filter>
    <Filter Include="GL">
      <UniqueIdentifier>{cf5b3a2f-be26-4e8e-b917-de73868b2e0e}</UniqueIdentifier>
    </Filter>
  </ItemGroup>
  <ItemGroup>
    <ClCompile Include="..\sources\Api\AbstractClasses.cpp">
      <Filter>Api</Filter>
    </ClCompile>
    <ClCompile Include="..\sources\Api\compatibility.cpp">
      <Filter>Api</Filter>
    </ClCompile>
    <ClCompile Include="..\sources\Api\Control.cpp">
      <Filter>Api</Filter>
    </ClCompile>
    <ClCompile Include="..\sources\Api\GlRender.cpp">
      <Filter>Api</Filter>
    </ClCompile>
    <ClCompile Include="..\sources\Api\GlTexture.cpp">
      <Filter>Api</Filter>
    </ClCompile>
    <ClCompile Include="..\sources\Api\GlWindowsContext.cpp">
      <Filter>Api</Filter>
    </ClCompile>
    <ClCompile Include="..\sources\Api\Sprite.cpp">
      <Filter>Api</Filter>
    </ClCompile>
    <ClCompile Include="..\sources\Api\TextureAtlas.cpp">
      <Filter>Api</Filter>
    </ClCompile>
    <ClCompile Include="..\sources\Api\TileSprite.cpp">
      <Filter>Api</Filter>
    </ClCompile>
    <ClCompile Include="..\sources\Api\World.cpp">
      <Filter>Api</Filter>
    </ClCompile>
    <ClCompile Include="..\sources\LevelMap.cpp" />
    <ClCompile Include="..\sources\main.cpp" />
    <ClCompile Include="..\sources\Player.cpp" />
    <ClCompile Include="..\sources\Api\GlTextureManager.cpp">
      <Filter>Api</Filter>
    </ClCompile>
    <ClCompile Include="..\sources\Api\TextureManager.cpp">
      <Filter>Api</Filter>
    </ClCompile>
    <ClCompile Include="..\sources\Api\TgaTexture.cpp">
      <Filter>Api</Filter>
    </ClCompile>
    <ClCompile Include="..\sources\Food.cpp" />
    <ClCompile Include="..\sources\StickHud.cpp" />
    <ClCompile Include="..\sources\Api\Logger.cpp">
      <Filter>Api</Filter>
    </ClCompile>
    <ClCompile Include="..\sources\Api\Point.cpp">
      <Filter>Api</Filter>
    </ClCompile>
    <ClCompile Include="..\sources\Api\Random.cpp">
      <Filter>Api</Filter>
    </ClCompile>
    <ClCompile Include="..\sources\Api\Texture.cpp">
      <Filter>Api</Filter>
    </ClCompile>
    <ClCompile Include="..\sources\Api\ButtonView.cpp">
      <Filter>Api</Filter>
    </ClCompile>
    <ClCompile Include="..\sources\Api\FileManager.cpp">
      <Filter>Api</Filter>
    </ClCompile>
    <ClCompile Include="..\sources\Api\FreeTypeFont.cpp">
      <Filter>Api</Filter>
    </ClCompile>
    <ClCompile Include="..\sources\Api\Interface.cpp">
      <Filter>Api</Filter>
    </ClCompile>
    <ClCompile Include="..\sources\Api\TextView.cpp">
      <Filter>Api</Filter>
    </ClCompile>
    <ClCompile Include="..\sources\Api\Thread.cpp">
      <Filter>Api</Filter>
    </ClCompile>
    <ClCompile Include="..\sources\Api\View.cpp">
      <Filter>Api</Filter>
    </ClCompile>
    <ClCompile Include="..\sources\GL\importgl.cpp">
      <Filter>GL</Filter>
    </ClCompile>
    <ClCompile Include="..\sources\GameInterface.cpp" />
    <ClCompile Include="..\sources\GameWorld.cpp" />
    <ClCompile Include="..\sources\Intelligence.cpp" />
    <ClCompile Include="..\sources\Monster.cpp" />
  </ItemGroup>
  <ItemGroup>
    <ClInclude Include="..\sources\Api\World.h">
      <Filter>Api</Filter>
    </ClInclude>
    <ClInclude Include="..\sources\Api\Api.h">
      <Filter>Api</Filter>
    </ClInclude>
    <ClInclude Include="..\sources\Api\compatibility.h">
      <Filter>Api</Filter>
    </ClInclude>
    <ClInclude Include="..\sources\Api\Context.h">
      <Filter>Api</Filter>
    </ClInclude>
    <ClInclude Include="..\sources\Api\Control.h">
      <Filter>Api</Filter>
    </ClInclude>
    <ClInclude Include="..\sources\Api\Entity.h">
      <Filter>Api</Filter>
    </ClInclude>
    <ClInclude Include="..\sources\Api\GlRender.h">
      <Filter>Api</Filter>
    </ClInclude>
    <ClInclude Include="..\sources\Api\GlTexture.h">
      <Filter>Api</Filter>
    </ClInclude>
    <ClInclude Include="..\sources\Api\GlWindowsContext.h">
      <Filter>Api</Filter>
    </ClInclude>
    <ClInclude Include="..\sources\Api\Map.h">
      <Filter>Api</Filter>
    </ClInclude>
    <ClInclude Include="..\sources\Api\Render.h">
      <Filter>Api</Filter>
    </ClInclude>
    <ClInclude Include="..\sources\Api\Sprite.h">
      <Filter>Api</Filter>
    </ClInclude>
    <ClInclude Include="..\sources\Api\Texture.h">
      <Filter>Api</Filter>
    </ClInclude>
    <ClInclude Include="..\sources\Api\TextureAtlas.h">
      <Filter>Api</Filter>
    </ClInclude>
    <ClInclude Include="..\sources\Api\TileSprite.h">
      <Filter>Api</Filter>
    </ClInclude>
    <ClInclude Include="..\sources\LevelMap.h" />
    <ClInclude Include="..\sources\main.h" />
    <ClInclude Include="..\sources\Player.h" />
    <ClInclude Include="..\sources\Api\GlTextureManager.h">
      <Filter>Api</Filter>
    </ClInclude>
    <ClInclude Include="..\sources\Api\TextureManager.h">
      <Filter>Api</Filter>
    </ClInclude>
    <ClInclude Include="..\sources\Api\TgaTexture.h">
      <Filter>Api</Filter>
    </ClInclude>
    <ClInclude Include="..\sources\Food.h" />
    <ClInclude Include="..\sources\StickHud.h" />
    <ClInclude Include="..\sources\Api\Logger.h">
      <Filter>Api</Filter>
    </ClInclude>
    <ClInclude Include="..\sources\Api\Point.h">
      <Filter>Api</Filter>
    </ClInclude>
    <ClInclude Include="..\sources\Api\Random.h">
      <Filter>Api</Filter>
    </ClInclude>
    <ClInclude Include="..\sources\Api\ButtonView.h">
      <Filter>Api</Filter>
    </ClInclude>
    <ClInclude Include="..\sources\Api\FileManager.h">
      <Filter>Api</Filter>
    </ClInclude>
    <ClInclude Include="..\sources\Api\Font.h">
      <Filter>Api</Filter>
    </ClInclude>
    <ClInclude Include="..\sources\Api\FreeTypeFont.h">
      <Filter>Api</Filter>
    </ClInclude>
    <ClInclude Include="..\sources\Api\Interface.h">
      <Filter>Api</Filter>
    </ClInclude>
    <ClInclude Include="..\sources\Api\TextView.h">
      <Filter>Api</Filter>
    </ClInclude>
    <ClInclude Include="..\sources\Api\Thread.h">
      <Filter>Api</Filter>
    </ClInclude>
    <ClInclude Include="..\sources\Api\View.h">
      <Filter>Api</Filter>
    </ClInclude>
    <ClInclude Include="..\sources\GL\importgl.h">
      <Filter>GL</Filter>
    </ClInclude>
    <ClInclude Include="..\sources\GL\wglext.h">
      <Filter>GL</Filter>
    </ClInclude>
    <ClInclude Include="..\sources\GameInterface.h" />
    <ClInclude Include="..\sources\GameWorld.h" />
    <ClInclude Include="..\sources\Intelligence.h" />
    <ClInclude Include="..\sources\Monster.h" />
  </ItemGroup>
</Project>